{
  "requires": true,
  "lockfileVersion": 1,
  "dependencies": {
    "js-dos": {
      "version": "6.22.59",
      "resolved": "https://registry.npmjs.org/js-dos/-/js-dos-6.22.59.tgz",
      "integrity": "sha512-rlU1/Rcih2GsGC/FO4zzC8hrUv08aBlftMV6JrS2o4i1bern5kgSirKbxArQvif6CLI81WMrLZx68EZMhzTpBQ=="
    }
  }
}
